
Microsoft Visual Studio Solution File, Format Version 12.00
# Visual Studio Version 17
VisualStudioVersion = 17.0.31903.59
MinimumVisualStudioVersion = 10.0.40219.1
Project("{2150E333-8FDC-42A3-9474-1A3956D46DE8}") = "src", "src", "{827E0CD3-B72D-47B6-A68D-7590B98EB39B}"
EndProject
Project("{FAE04EC0-301F-11D3-BF4B-00C04F79EFBC}") = "PocketWork.EntityFrameworkCore", "src\PocketWork.EntityFrameworkCore\PocketWork.EntityFrameworkCore.csproj", "{F0C67331-DAF4-4FB0-9720-2D94AA044CEA}"
EndProject
Project("{FAE04EC0-301F-11D3-BF4B-00C04F79EFBC}") = "PocketWork.Api", "src\PocketWork.Api\PocketWork.Api.csproj", "{E17078DB-D53C-4778-A557-F10F00578A9B}"
EndProject
Project("{FAE04EC0-301F-11D3-BF4B-00C04F79EFBC}") = "PocketWork.Mvc", "src\PocketWork.Mvc\PocketWork.Mvc.csproj", "{2E4796EF-1205-4611-9BB3-E7FBF5A135DD}"
EndProject
Project("{FAE04EC0-301F-11D3-BF4B-00C04F79EFBC}") = "PocketWork.Repositories", "src\PocketWork.Repositories\PocketWork.Repositories.csproj", "{F8E7180A-9ADD-45B4-9294-D38669493A52}"
EndProject
Project("{FAE04EC0-301F-11D3-BF4B-00C04F79EFBC}") = "PocketWork.Desktop", "src\PocketWork.Desktop\PocketWork.Desktop.csproj", "{6D5280F1-69FA-4ADE-B024-47BA97B682A5}"
EndProject
Project("{2150E333-8FDC-42A3-9474-1A3956D46DE8}") = "test", "test", "{0C88DD14-F956-CE84-757C-A364CCF449FC}"
EndProject
Project("{FAE04EC0-301F-11D3-BF4B-00C04F79EFBC}") = "PocketWork.EntityFrameworkCore.Tests", "test\PocketWork.EntityFrameworkCore.Tests\PocketWork.EntityFrameworkCore.Tests.csproj", "{98545ADC-A6CF-4AC3-8C9F-35CD809BC9BE}"
EndProject
Project("{FAE04EC0-301F-11D3-BF4B-00C04F79EFBC}") = "PocketWork.Repositories.Tests", "test\PocketWork.Repositories.Tests\PocketWork.Repositories.Tests.csproj", "{25A85752-2804-4E35-A7D3-5BE4C2F8C230}"
EndProject
Project("{FAE04EC0-301F-11D3-BF4B-00C04F79EFBC}") = "PocketWork.Api.Tests", "test\PocketWork.Api.Tests\PocketWork.Api.Tests.csproj", "{229B17A7-5851-4E47-AEBA-743135750CA4}"
EndProject
Project("{FAE04EC0-301F-11D3-BF4B-00C04F79EFBC}") = "PocketWork.Mvc.Tests", "test\PocketWork.Mvc.Tests\PocketWork.Mvc.Tests.csproj", "{B79FC1C5-C3C0-4316-B3DB-20457089FB62}"
EndProject
Project("{FAE04EC0-301F-11D3-BF4B-00C04F79EFBC}") = "PocketWork.Desktop.Tests", "test\PocketWork.Desktop.Tests\PocketWork.Desktop.Tests.csproj", "{12219EC2-0319-45AB-88DA-A3139133C57C}"
EndProject
Global
	GlobalSection(SolutionConfigurationPlatforms) = preSolution
		Debug|Any CPU = Debug|Any CPU
		Debug|x64 = Debug|x64
		Debug|x86 = Debug|x86
		Release|Any CPU = Release|Any CPU
		Release|x64 = Release|x64
		Release|x86 = Release|x86
	EndGlobalSection
	GlobalSection(ProjectConfigurationPlatforms) = postSolution
		{F0C67331-DAF4-4FB0-9720-2D94AA044CEA}.Debug|Any CPU.ActiveCfg = Debug|Any CPU
		{F0C67331-DAF4-4FB0-9720-2D94AA044CEA}.Debug|Any CPU.Build.0 = Debug|Any CPU
		{F0C67331-DAF4-4FB0-9720-2D94AA044CEA}.Debug|x64.ActiveCfg = Debug|Any CPU
		{F0C67331-DAF4-4FB0-9720-2D94AA044CEA}.Debug|x64.Build.0 = Debug|Any CPU
		{F0C67331-DAF4-4FB0-9720-2D94AA044CEA}.Debug|x86.ActiveCfg = Debug|Any CPU
		{F0C67331-DAF4-4FB0-9720-2D94AA044CEA}.Debug|x86.Build.0 = Debug|Any CPU
		{F0C67331-DAF4-4FB0-9720-2D94AA044CEA}.Release|Any CPU.ActiveCfg = Release|Any CPU
		{F0C67331-DAF4-4FB0-9720-2D94AA044CEA}.Release|Any CPU.Build.0 = Release|Any CPU
		{F0C67331-DAF4-4FB0-9720-2D94AA044CEA}.Release|x64.ActiveCfg = Release|Any CPU
		{F0C67331-DAF4-4FB0-9720-2D94AA044CEA}.Release|x64.Build.0 = Release|Any CPU
		{F0C67331-DAF4-4FB0-9720-2D94AA044CEA}.Release|x86.ActiveCfg = Release|Any CPU
		{F0C67331-DAF4-4FB0-9720-2D94AA044CEA}.Release|x86.Build.0 = Release|Any CPU
		{E17078DB-D53C-4778-A557-F10F00578A9B}.Debug|Any CPU.ActiveCfg = Debug|Any CPU
		{E17078DB-D53C-4778-A557-F10F00578A9B}.Debug|Any CPU.Build.0 = Debug|Any CPU
		{E17078DB-D53C-4778-A557-F10F00578A9B}.Debug|x64.ActiveCfg = Debug|Any CPU
		{E17078DB-D53C-4778-A557-F10F00578A9B}.Debug|x64.Build.0 = Debug|Any CPU
		{E17078DB-D53C-4778-A557-F10F00578A9B}.Debug|x86.ActiveCfg = Debug|Any CPU
		{E17078DB-D53C-4778-A557-F10F00578A9B}.Debug|x86.Build.0 = Debug|Any CPU
		{E17078DB-D53C-4778-A557-F10F00578A9B}.Release|Any CPU.ActiveCfg = Release|Any CPU
		{E17078DB-D53C-4778-A557-F10F00578A9B}.Release|Any CPU.Build.0 = Release|Any CPU
		{E17078DB-D53C-4778-A557-F10F00578A9B}.Release|x64.ActiveCfg = Release|Any CPU
		{E17078DB-D53C-4778-A557-F10F00578A9B}.Release|x64.Build.0 = Release|Any CPU
		{E17078DB-D53C-4778-A557-F10F00578A9B}.Release|x86.ActiveCfg = Release|Any CPU
		{E17078DB-D53C-4778-A557-F10F00578A9B}.Release|x86.Build.0 = Release|Any CPU
		{2E4796EF-1205-4611-9BB3-E7FBF5A135DD}.Debug|Any CPU.ActiveCfg = Debug|Any CPU
		{2E4796EF-1205-4611-9BB3-E7FBF5A135DD}.Debug|Any CPU.Build.0 = Debug|Any CPU
		{2E4796EF-1205-4611-9BB3-E7FBF5A135DD}.Debug|x64.ActiveCfg = Debug|Any CPU
		{2E4796EF-1205-4611-9BB3-E7FBF5A135DD}.Debug|x64.Build.0 = Debug|Any CPU
		{2E4796EF-1205-4611-9BB3-E7FBF5A135DD}.Debug|x86.ActiveCfg = Debug|Any CPU
		{2E4796EF-1205-4611-9BB3-E7FBF5A135DD}.Debug|x86.Build.0 = Debug|Any CPU
		{2E4796EF-1205-4611-9BB3-E7FBF5A135DD}.Release|Any CPU.ActiveCfg = Release|Any CPU
		{2E4796EF-1205-4611-9BB3-E7FBF5A135DD}.Release|Any CPU.Build.0 = Release|Any CPU
		{2E4796EF-1205-4611-9BB3-E7FBF5A135DD}.Release|x64.ActiveCfg = Release|Any CPU
		{2E4796EF-1205-4611-9BB3-E7FBF5A135DD}.Release|x64.Build.0 = Release|Any CPU
		{2E4796EF-1205-4611-9BB3-E7FBF5A135DD}.Release|x86.ActiveCfg = Release|Any CPU
		{2E4796EF-1205-4611-9BB3-E7FBF5A135DD}.Release|x86.Build.0 = Release|Any CPU
		{F8E7180A-9ADD-45B4-9294-D38669493A52}.Debug|Any CPU.ActiveCfg = Debug|Any CPU
		{F8E7180A-9ADD-45B4-9294-D38669493A52}.Debug|Any CPU.Build.0 = Debug|Any CPU
		{F8E7180A-9ADD-45B4-9294-D38669493A52}.Debug|x64.ActiveCfg = Debug|Any CPU
		{F8E7180A-9ADD-45B4-9294-D38669493A52}.Debug|x64.Build.0 = Debug|Any CPU
		{F8E7180A-9ADD-45B4-9294-D38669493A52}.Debug|x86.ActiveCfg = Debug|Any CPU
		{F8E7180A-9ADD-45B4-9294-D38669493A52}.Debug|x86.Build.0 = Debug|Any CPU
		{F8E7180A-9ADD-45B4-9294-D38669493A52}.Release|Any CPU.ActiveCfg = Release|Any CPU
		{F8E7180A-9ADD-45B4-9294-D38669493A52}.Release|Any CPU.Build.0 = Release|Any CPU
		{F8E7180A-9ADD-45B4-9294-D38669493A52}.Release|x64.ActiveCfg = Release|Any CPU
		{F8E7180A-9ADD-45B4-9294-D38669493A52}.Release|x64.Build.0 = Release|Any CPU
		{F8E7180A-9ADD-45B4-9294-D38669493A52}.Release|x86.ActiveCfg = Release|Any CPU
		{F8E7180A-9ADD-45B4-9294-D38669493A52}.Release|x86.Build.0 = Release|Any CPU
		{6D5280F1-69FA-4ADE-B024-47BA97B682A5}.Debug|Any CPU.ActiveCfg = Debug|Any CPU
		{6D5280F1-69FA-4ADE-B024-47BA97B682A5}.Debug|Any CPU.Build.0 = Debug|Any CPU
		{6D5280F1-69FA-4ADE-B024-47BA97B682A5}.Debug|x64.ActiveCfg = Debug|Any CPU
		{6D5280F1-69FA-4ADE-B024-47BA97B682A5}.Debug|x64.Build.0 = Debug|Any CPU
		{6D5280F1-69FA-4ADE-B024-47BA97B682A5}.Debug|x86.ActiveCfg = Debug|Any CPU
		{6D5280F1-69FA-4ADE-B024-47BA97B682A5}.Debug|x86.Build.0 = Debug|Any CPU
		{6D5280F1-69FA-4ADE-B024-47BA97B682A5}.Release|Any CPU.ActiveCfg = Release|Any CPU
		{6D5280F1-69FA-4ADE-B024-47BA97B682A5}.Release|Any CPU.Build.0 = Release|Any CPU
		{6D5280F1-69FA-4ADE-B024-47BA97B682A5}.Release|x64.ActiveCfg = Release|Any CPU
		{6D5280F1-69FA-4ADE-B024-47BA97B682A5}.Release|x64.Build.0 = Release|Any CPU
		{6D5280F1-69FA-4ADE-B024-47BA97B682A5}.Release|x86.ActiveCfg = Release|Any CPU
		{6D5280F1-69FA-4ADE-B024-47BA97B682A5}.Release|x86.Build.0 = Release|Any CPU
		{98545ADC-A6CF-4AC3-8C9F-35CD809BC9BE}.Debug|Any CPU.ActiveCfg = Debug|Any CPU
		{98545ADC-A6CF-4AC3-8C9F-35CD809BC9BE}.Debug|Any CPU.Build.0 = Debug|Any CPU
		{98545ADC-A6CF-4AC3-8C9F-35CD809BC9BE}.Debug|x64.ActiveCfg = Debug|Any CPU
		{98545ADC-A6CF-4AC3-8C9F-35CD809BC9BE}.Debug|x64.Build.0 = Debug|Any CPU
		{98545ADC-A6CF-4AC3-8C9F-35CD809BC9BE}.Debug|x86.ActiveCfg = Debug|Any CPU
		{98545ADC-A6CF-4AC3-8C9F-35CD809BC9BE}.Debug|x86.Build.0 = Debug|Any CPU
		{98545ADC-A6CF-4AC3-8C9F-35CD809BC9BE}.Release|Any CPU.ActiveCfg = Release|Any CPU
		{98545ADC-A6CF-4AC3-8C9F-35CD809BC9BE}.Release|Any CPU.Build.0 = Release|Any CPU
		{98545ADC-A6CF-4AC3-8C9F-35CD809BC9BE}.Release|x64.ActiveCfg = Release|Any CPU
		{98545ADC-A6CF-4AC3-8C9F-35CD809BC9BE}.Release|x64.Build.0 = Release|Any CPU
		{98545ADC-A6CF-4AC3-8C9F-35CD809BC9BE}.Release|x86.ActiveCfg = Release|Any CPU
		{98545ADC-A6CF-4AC3-8C9F-35CD809BC9BE}.Release|x86.Build.0 = Release|Any CPU
		{25A85752-2804-4E35-A7D3-5BE4C2F8C230}.Debug|Any CPU.ActiveCfg = Debug|Any CPU
		{25A85752-2804-4E35-A7D3-5BE4C2F8C230}.Debug|Any CPU.Build.0 = Debug|Any CPU
		{25A85752-2804-4E35-A7D3-5BE4C2F8C230}.Debug|x64.ActiveCfg = Debug|Any CPU
		{25A85752-2804-4E35-A7D3-5BE4C2F8C230}.Debug|x64.Build.0 = Debug|Any CPU
		{25A85752-2804-4E35-A7D3-5BE4C2F8C230}.Debug|x86.ActiveCfg = Debug|Any CPU
		{25A85752-2804-4E35-A7D3-5BE4C2F8C230}.Debug|x86.Build.0 = Debug|Any CPU
		{25A85752-2804-4E35-A7D3-5BE4C2F8C230}.Release|Any CPU.ActiveCfg = Release|Any CPU
		{25A85752-2804-4E35-A7D3-5BE4C2F8C230}.Release|Any CPU.Build.0 = Release|Any CPU
		{25A85752-2804-4E35-A7D3-5BE4C2F8C230}.Release|x64.ActiveCfg = Release|Any CPU
		{25A85752-2804-4E35-A7D3-5BE4C2F8C230}.Release|x64.Build.0 = Release|Any CPU
		{25A85752-2804-4E35-A7D3-5BE4C2F8C230}.Release|x86.ActiveCfg = Release|Any CPU
		{25A85752-2804-4E35-A7D3-5BE4C2F8C230}.Release|x86.Build.0 = Release|Any CPU
		{229B17A7-5851-4E47-AEBA-743135750CA4}.Debug|Any CPU.ActiveCfg = Debug|Any CPU
		{229B17A7-5851-4E47-AEBA-743135750CA4}.Debug|Any CPU.Build.0 = Debug|Any CPU
		{229B17A7-5851-4E47-AEBA-743135750CA4}.Debug|x64.ActiveCfg = Debug|Any CPU
		{229B17A7-5851-4E47-AEBA-743135750CA4}.Debug|x64.Build.0 = Debug|Any CPU
		{229B17A7-5851-4E47-AEBA-743135750CA4}.Debug|x86.ActiveCfg = Debug|Any CPU
		{229B17A7-5851-4E47-AEBA-743135750CA4}.Debug|x86.Build.0 = Debug|Any CPU
		{229B17A7-5851-4E47-AEBA-743135750CA4}.Release|Any CPU.ActiveCfg = Release|Any CPU
		{229B17A7-5851-4E47-AEBA-743135750CA4}.Release|Any CPU.Build.0 = Release|Any CPU
		{229B17A7-5851-4E47-AEBA-743135750CA4}.Release|x64.ActiveCfg = Release|Any CPU
		{229B17A7-5851-4E47-AEBA-743135750CA4}.Release|x64.Build.0 = Release|Any CPU
		{229B17A7-5851-4E47-AEBA-743135750CA4}.Release|x86.ActiveCfg = Release|Any CPU
		{229B17A7-5851-4E47-AEBA-743135750CA4}.Release|x86.Build.0 = Release|Any CPU
		{B79FC1C5-C3C0-4316-B3DB-20457089FB62}.Debug|Any CPU.ActiveCfg = Debug|Any CPU
		{B79FC1C5-C3C0-4316-B3DB-20457089FB62}.Debug|Any CPU.Build.0 = Debug|Any CPU
		{B79FC1C5-C3C0-4316-B3DB-20457089FB62}.Debug|x64.ActiveCfg = Debug|Any CPU
		{B79FC1C5-C3C0-4316-B3DB-20457089FB62}.Debug|x64.Build.0 = Debug|Any CPU
		{B79FC1C5-C3C0-4316-B3DB-20457089FB62}.Debug|x86.ActiveCfg = Debug|Any CPU
		{B79FC1C5-C3C0-4316-B3DB-20457089FB62}.Debug|x86.Build.0 = Debug|Any CPU
		{B79FC1C5-C3C0-4316-B3DB-20457089FB62}.Release|Any CPU.ActiveCfg = Release|Any CPU
		{B79FC1C5-C3C0-4316-B3DB-20457089FB62}.Release|Any CPU.Build.0 = Release|Any CPU
		{B79FC1C5-C3C0-4316-B3DB-20457089FB62}.Release|x64.ActiveCfg = Release|Any CPU
		{B79FC1C5-C3C0-4316-B3DB-20457089FB62}.Release|x64.Build.0 = Release|Any CPU
		{B79FC1C5-C3C0-4316-B3DB-20457089FB62}.Release|x86.ActiveCfg = Release|Any CPU
		{B79FC1C5-C3C0-4316-B3DB-20457089FB62}.Release|x86.Build.0 = Release|Any CPU
		{12219EC2-0319-45AB-88DA-A3139133C57C}.Debug|Any CPU.ActiveCfg = Debug|Any CPU
		{12219EC2-0319-45AB-88DA-A3139133C57C}.Debug|Any CPU.Build.0 = Debug|Any CPU
		{12219EC2-0319-45AB-88DA-A3139133C57C}.Debug|x64.ActiveCfg = Debug|Any CPU
		{12219EC2-0319-45AB-88DA-A3139133C57C}.Debug|x64.Build.0 = Debug|Any CPU
		{12219EC2-0319-45AB-88DA-A3139133C57C}.Debug|x86.ActiveCfg = Debug|Any CPU
		{12219EC2-0319-45AB-88DA-A3139133C57C}.Debug|x86.Build.0 = Debug|Any CPU
		{12219EC2-0319-45AB-88DA-A3139133C57C}.Release|Any CPU.ActiveCfg = Release|Any CPU
		{12219EC2-0319-45AB-88DA-A3139133C57C}.Release|Any CPU.Build.0 = Release|Any CPU
		{12219EC2-0319-45AB-88DA-A3139133C57C}.Release|x64.ActiveCfg = Release|Any CPU
		{12219EC2-0319-45AB-88DA-A3139133C57C}.Release|x64.Build.0 = Release|Any CPU
		{12219EC2-0319-45AB-88DA-A3139133C57C}.Release|x86.ActiveCfg = Release|Any CPU
		{12219EC2-0319-45AB-88DA-A3139133C57C}.Release|x86.Build.0 = Release|Any CPU
	EndGlobalSection
	GlobalSection(SolutionProperties) = preSolution
		HideSolutionNode = FALSE
	EndGlobalSection
	GlobalSection(NestedProjects) = preSolution
		{F0C67331-DAF4-4FB0-9720-2D94AA044CEA} = {827E0CD3-B72D-47B6-A68D-7590B98EB39B}
		{E17078DB-D53C-4778-A557-F10F00578A9B} = {827E0CD3-B72D-47B6-A68D-7590B98EB39B}
		{2E4796EF-1205-4611-9BB3-E7FBF5A135DD} = {827E0CD3-B72D-47B6-A68D-7590B98EB39B}
		{F8E7180A-9ADD-45B4-9294-D38669493A52} = {827E0CD3-B72D-47B6-A68D-7590B98EB39B}
		{6D5280F1-69FA-4ADE-B024-47BA97B682A5} = {827E0CD3-B72D-47B6-A68D-7590B98EB39B}
		{98545ADC-A6CF-4AC3-8C9F-35CD809BC9BE} = {0C88DD14-F956-CE84-757C-A364CCF449FC}
		{25A85752-2804-4E35-A7D3-5BE4C2F8C230} = {0C88DD14-F956-CE84-757C-A364CCF449FC}
		{229B17A7-5851-4E47-AEBA-743135750CA4} = {0C88DD14-F956-CE84-757C-A364CCF449FC}
		{B79FC1C5-C3C0-4316-B3DB-20457089FB62} = {0C88DD14-F956-CE84-757C-A364CCF449FC}
		{12219EC2-0319-45AB-88DA-A3139133C57C} = {0C88DD14-F956-CE84-757C-A364CCF449FC}
	EndGlobalSection
EndGlobal
